
Microsoft Visual Studio Solution File, Format Version 12.00
# Visual Studio 15
VisualStudioVersion = 15.0.28307.421
MinimumVisualStudioVersion = 10.0.40219.1
Project("{FAE04EC0-301F-11D3-BF4B-00C04F79EFBC}") = "CoefficientsFinderTests", "..\CoefficientsFinderTests\CoefficientsFinderTests.csproj", "{205FF262-9A87-445D-906D-A087820C8161}"
EndProject
Project("{FAE04EC0-301F-11D3-BF4B-00C04F79EFBC}") = "CoefficientsFinder", "GeneticCoefficientsFinder\CoefficientsFinder.csproj", "{9B3315FD-D8E5-4F5D-8D89-87DB4E07B157}"
EndProject
Global
	GlobalSection(SolutionConfigurationPlatforms) = preSolution
		Debug|Any CPU = Debug|Any CPU
		Release|Any CPU = Release|Any CPU
	EndGlobalSection
	GlobalSection(ProjectConfigurationPlatforms) = postSolution
		{205FF262-9A87-445D-906D-A087820C8161}.Debug|Any CPU.ActiveCfg = Debug|Any CPU
		{205FF262-9A87-445D-906D-A087820C8161}.Debug|Any CPU.Build.0 = Debug|Any CPU
		{205FF262-9A87-445D-906D-A087820C8161}.Release|Any CPU.ActiveCfg = Release|Any CPU
		{205FF262-9A87-445D-906D-A087820C8161}.Release|Any CPU.Build.0 = Release|Any CPU
		{9B3315FD-D8E5-4F5D-8D89-87DB4E07B157}.Debug|Any CPU.ActiveCfg = Debug|Any CPU
		{9B3315FD-D8E5-4F5D-8D89-87DB4E07B157}.Debug|Any CPU.Build.0 = Debug|Any CPU
		{9B3315FD-D8E5-4F5D-8D89-87DB4E07B157}.Release|Any CPU.ActiveCfg = Release|Any CPU
		{9B3315FD-D8E5-4F5D-8D89-87DB4E07B157}.Release|Any CPU.Build.0 = Release|Any CPU
	EndGlobalSection
	GlobalSection(SolutionProperties) = preSolution
		HideSolutionNode = FALSE
	EndGlobalSection
	GlobalSection(ExtensibilityGlobals) = postSolution
		SolutionGuid = {433E3CEE-EBCA-4A6C-8336-EAD0C5150042}
	EndGlobalSection
EndGlobal
